// !$*UTF8*$!
{
	archiveVersion = 1;
	classes = {
	};
	objectVersion = 50;
	objects = {

/* Begin PBXBuildFile section */
		A0A8E3EB20FFD48C00782D1B /* AppDelegate.swift in Sources */ = {isa = PBXBuildFile; fileRef = A0A8E3EA20FFD48C00782D1B /* AppDelegate.swift */; };
		A0A8E3ED20FFD48C00782D1B /* RootTabController.swift in Sources */ = {isa = PBXBuildFile; fileRef = A0A8E3EC20FFD48C00782D1B /* RootTabController.swift */; };
		A0A8E3F220FFD48D00782D1B /* Assets.xcassets in Resources */ = {isa = PBXBuildFile; fileRef = A0A8E3F120FFD48D00782D1B /* Assets.xcassets */; };
		A0A8E3F520FFD48D00782D1B /* LaunchScreen.storyboard in Resources */ = {isa = PBXBuildFile; fileRef = A0A8E3F320FFD48D00782D1B /* LaunchScreen.storyboard */; };
		A0A8E40020FFD48E00782D1B /* FitnessTrackerTests.swift in Sources */ = {isa = PBXBuildFile; fileRef = A0A8E3FF20FFD48E00782D1B /* FitnessTrackerTests.swift */; };
		A0A8E40C20FFD4D000782D1B /* Meal.swift in Sources */ = {isa = PBXBuildFile; fileRef = A0A8E40B20FFD4D000782D1B /* Meal.swift */; };
		A0A8E40F20FFD65800782D1B /* Tag.swift in Sources */ = {isa = PBXBuildFile; fileRef = A0A8E40E20FFD65800782D1B /* Tag.swift */; };
		A0A8E41120FFD8D500782D1B /* Calories.swift in Sources */ = {isa = PBXBuildFile; fileRef = A0A8E41020FFD8D500782D1B /* Calories.swift */; };
		A0A8E41320FFD94700782D1B /* Grams.swift in Sources */ = {isa = PBXBuildFile; fileRef = A0A8E41220FFD94700782D1B /* Grams.swift */; };
		A0A8E422210009BA00782D1B /* TodayViewController.swift in Sources */ = {isa = PBXBuildFile; fileRef = A0A8E420210009BA00782D1B /* TodayViewController.swift */; };
		A0A8E423210009BA00782D1B /* TodayViewController.xib in Resources */ = {isa = PBXBuildFile; fileRef = A0A8E421210009BA00782D1B /* TodayViewController.xib */; };
/* End PBXBuildFile section */

/* Begin PBXContainerItemProxy section */
		A0A8E3FC20FFD48D00782D1B /* PBXContainerItemProxy */ = {
			isa = PBXContainerItemProxy;
			containerPortal = A0A8E3DF20FFD48C00782D1B /* Project object */;
			proxyType = 1;
			remoteGlobalIDString = A0A8E3E620FFD48C00782D1B;
			remoteInfo = FitnessTracker;
		};
/* End PBXContainerItemProxy section */

/* Begin PBXFileReference section */
		A0A8E3E720FFD48C00782D1B /* FitnessTracker.app */ = {isa = PBXFileReference; explicitFileType = wrapper.application; includeInIndex = 0; path = FitnessTracker.app; sourceTree = BUILT_PRODUCTS_DIR; };
		A0A8E3EA20FFD48C00782D1B /* AppDelegate.swift */ = {isa = PBXFileReference; lastKnownFileType = sourcecode.swift; path = AppDelegate.swift; sourceTree = "<group>"; };
		A0A8E3EC20FFD48C00782D1B /* RootTabController.swift */ = {isa = PBXFileReference; lastKnownFileType = sourcecode.swift; path = RootTabController.swift; sourceTree = "<group>"; };
		A0A8E3F120FFD48D00782D1B /* Assets.xcassets */ = {isa = PBXFileReference; lastKnownFileType = folder.assetcatalog; path = Assets.xcassets; sourceTree = "<group>"; };
		A0A8E3F420FFD48D00782D1B /* Base */ = {isa = PBXFileReference; lastKnownFileType = file.storyboard; name = Base; path = Base.lproj/LaunchScreen.storyboard; sourceTree = "<group>"; };
		A0A8E3F620FFD48D00782D1B /* Info.plist */ = {isa = PBXFileReference; lastKnownFileType = text.plist.xml; path = Info.plist; sourceTree = "<group>"; };
		A0A8E3FB20FFD48D00782D1B /* FitnessTrackerTests.xctest */ = {isa = PBXFileReference; explicitFileType = wrapper.cfbundle; includeInIndex = 0; path = FitnessTrackerTests.xctest; sourceTree = BUILT_PRODUCTS_DIR; };
		A0A8E3FF20FFD48E00782D1B /* FitnessTrackerTests.swift */ = {isa = PBXFileReference; lastKnownFileType = sourcecode.swift; path = FitnessTrackerTests.swift; sourceTree = "<group>"; };
		A0A8E40120FFD48E00782D1B /* Info.plist */ = {isa = PBXFileReference; lastKnownFileType = text.plist.xml; path = Info.plist; sourceTree = "<group>"; };
		A0A8E40B20FFD4D000782D1B /* Meal.swift */ = {isa = PBXFileReference; lastKnownFileType = sourcecode.swift; path = Meal.swift; sourceTree = "<group>"; };
		A0A8E40E20FFD65800782D1B /* Tag.swift */ = {isa = PBXFileReference; lastKnownFileType = sourcecode.swift; path = Tag.swift; sourceTree = "<group>"; };
		A0A8E41020FFD8D500782D1B /* Calories.swift */ = {isa = PBXFileReference; lastKnownFileType = sourcecode.swift; path = Calories.swift; sourceTree = "<group>"; };
		A0A8E41220FFD94700782D1B /* Grams.swift */ = {isa = PBXFileReference; lastKnownFileType = sourcecode.swift; path = Grams.swift; sourceTree = "<group>"; };
		A0A8E420210009BA00782D1B /* TodayViewController.swift */ = {isa = PBXFileReference; lastKnownFileType = sourcecode.swift; path = TodayViewController.swift; sourceTree = "<group>"; };
		A0A8E421210009BA00782D1B /* TodayViewController.xib */ = {isa = PBXFileReference; lastKnownFileType = file.xib; path = TodayViewController.xib; sourceTree = "<group>"; };
/* End PBXFileReference section */

/* Begin PBXFrameworksBuildPhase section */
		A0A8E3E420FFD48C00782D1B /* Frameworks */ = {
			isa = PBXFrameworksBuildPhase;
			buildActionMask = 2147483647;
			files = (
			);
			runOnlyForDeploymentPostprocessing = 0;
		};
		A0A8E3F820FFD48D00782D1B /* Frameworks */ = {
			isa = PBXFrameworksBuildPhase;
			buildActionMask = 2147483647;
			files = (
			);
			runOnlyForDeploymentPostprocessing = 0;
		};
/* End PBXFrameworksBuildPhase section */

/* Begin PBXGroup section */
		A0A8E3DE20FFD48C00782D1B = {
			isa = PBXGroup;
			children = (
				A0A8E3E920FFD48C00782D1B /* FitnessTracker */,
				A0A8E3FE20FFD48E00782D1B /* FitnessTrackerTests */,
				A0A8E3E820FFD48C00782D1B /* Products */,
			);
			sourceTree = "<group>";
		};
		A0A8E3E820FFD48C00782D1B /* Products */ = {
			isa = PBXGroup;
			children = (
				A0A8E3E720FFD48C00782D1B /* FitnessTracker.app */,
				A0A8E3FB20FFD48D00782D1B /* FitnessTrackerTests.xctest */,
			);
			name = Products;
			sourceTree = "<group>";
		};
		A0A8E3E920FFD48C00782D1B /* FitnessTracker */ = {
			isa = PBXGroup;
			children = (
				A0A8E424210009C000782D1B /* ViewControllers */,
				A0A8E40A20FFD4AA00782D1B /* Framework */,
				A0A8E3EA20FFD48C00782D1B /* AppDelegate.swift */,
				A0A8E3F120FFD48D00782D1B /* Assets.xcassets */,
				A0A8E3F320FFD48D00782D1B /* LaunchScreen.storyboard */,
				A0A8E3F620FFD48D00782D1B /* Info.plist */,
			);
			path = FitnessTracker;
			sourceTree = "<group>";
		};
		A0A8E3FE20FFD48E00782D1B /* FitnessTrackerTests */ = {
			isa = PBXGroup;
			children = (
				A0A8E3FF20FFD48E00782D1B /* FitnessTrackerTests.swift */,
				A0A8E40120FFD48E00782D1B /* Info.plist */,
			);
			path = FitnessTrackerTests;
			sourceTree = "<group>";
		};
		A0A8E40A20FFD4AA00782D1B /* Framework */ = {
			isa = PBXGroup;
			children = (
				A0A8E40B20FFD4D000782D1B /* Meal.swift */,
				A0A8E40E20FFD65800782D1B /* Tag.swift */,
				A0A8E41020FFD8D500782D1B /* Calories.swift */,
				A0A8E41220FFD94700782D1B /* Grams.swift */,
			);
			path = Framework;
			sourceTree = "<group>";
		};
		A0A8E424210009C000782D1B /* ViewControllers */ = {
			isa = PBXGroup;
			children = (
				A0A8E3EC20FFD48C00782D1B /* RootTabController.swift */,
				A0A8E420210009BA00782D1B /* TodayViewController.swift */,
				A0A8E421210009BA00782D1B /* TodayViewController.xib */,
			);
			path = ViewControllers;
			sourceTree = "<group>";
		};
/* End PBXGroup section */

/* Begin PBXNativeTarget section */
		A0A8E3E620FFD48C00782D1B /* FitnessTracker */ = {
			isa = PBXNativeTarget;
			buildConfigurationList = A0A8E40420FFD48E00782D1B /* Build configuration list for PBXNativeTarget "FitnessTracker" */;
			buildPhases = (
				A0A8E3E320FFD48C00782D1B /* Sources */,
				A0A8E3E420FFD48C00782D1B /* Frameworks */,
				A0A8E3E520FFD48C00782D1B /* Resources */,
			);
			buildRules = (
			);
			dependencies = (
			);
			name = FitnessTracker;
			productName = FitnessTracker;
			productReference = A0A8E3E720FFD48C00782D1B /* FitnessTracker.app */;
			productType = "com.apple.product-type.application";
		};
		A0A8E3FA20FFD48D00782D1B /* FitnessTrackerTests */ = {
			isa = PBXNativeTarget;
			buildConfigurationList = A0A8E40720FFD48E00782D1B /* Build configuration list for PBXNativeTarget "FitnessTrackerTests" */;
			buildPhases = (
				A0A8E3F720FFD48D00782D1B /* Sources */,
				A0A8E3F820FFD48D00782D1B /* Frameworks */,
				A0A8E3F920FFD48D00782D1B /* Resources */,
			);
			buildRules = (
			);
			dependencies = (
				A0A8E3FD20FFD48D00782D1B /* PBXTargetDependency */,
			);
			name = FitnessTrackerTests;
			productName = FitnessTrackerTests;
			productReference = A0A8E3FB20FFD48D00782D1B /* FitnessTrackerTests.xctest */;
			productType = "com.apple.product-type.bundle.unit-test";
		};
/* End PBXNativeTarget section */

/* Begin PBXProject section */
		A0A8E3DF20FFD48C00782D1B /* Project object */ = {
			isa = PBXProject;
			attributes = {
				LastSwiftUpdateCheck = 0940;
				LastUpgradeCheck = 0940;
				ORGANIZATIONNAME = "Swain Molster";
				TargetAttributes = {
					A0A8E3E620FFD48C00782D1B = {
						CreatedOnToolsVersion = 9.4.1;
					};
					A0A8E3FA20FFD48D00782D1B = {
						CreatedOnToolsVersion = 9.4.1;
						TestTargetID = A0A8E3E620FFD48C00782D1B;
					};
				};
			};
			buildConfigurationList = A0A8E3E220FFD48C00782D1B /* Build configuration list for PBXProject "FitnessTracker" */;
			compatibilityVersion = "Xcode 9.3";
			developmentRegion = en;
			hasScannedForEncodings = 0;
			knownRegions = (
				en,
				Base,
			);
			mainGroup = A0A8E3DE20FFD48C00782D1B;
			productRefGroup = A0A8E3E820FFD48C00782D1B /* Products */;
			projectDirPath = "";
			projectRoot = "";
			targets = (
				A0A8E3E620FFD48C00782D1B /* FitnessTracker */,
				A0A8E3FA20FFD48D00782D1B /* FitnessTrackerTests */,
			);
		};
/* End PBXProject section */

/* Begin PBXResourcesBuildPhase section */
		A0A8E3E520FFD48C00782D1B /* Resources */ = {
			isa = PBXResourcesBuildPhase;
			buildActionMask = 2147483647;
			files = (
				A0A8E3F520FFD48D00782D1B /* LaunchScreen.storyboard in Resources */,
				A0A8E3F220FFD48D00782D1B /* Assets.xcassets in Resources */,
				A0A8E423210009BA00782D1B /* TodayViewController.xib in Resources */,
			);
			runOnlyForDeploymentPostprocessing = 0;
		};
		A0A8E3F920FFD48D00782D1B /* Resources */ = {
			isa = PBXResourcesBuildPhase;
			buildActionMask = 2147483647;
			files = (
			);
			runOnlyForDeploymentPostprocessing = 0;
		};
/* End PBXResourcesBuildPhase section */

/* Begin PBXSourcesBuildPhase section */
		A0A8E3E320FFD48C00782D1B /* Sources */ = {
			isa = PBXSourcesBuildPhase;
			buildActionMask = 2147483647;
			files = (
				A0A8E41320FFD94700782D1B /* Grams.swift in Sources */,
				A0A8E422210009BA00782D1B /* TodayViewController.swift in Sources */,
				A0A8E40F20FFD65800782D1B /* Tag.swift in Sources */,
				A0A8E3ED20FFD48C00782D1B /* RootTabController.swift in Sources */,
				A0A8E41120FFD8D500782D1B /* Calories.swift in Sources */,
				A0A8E40C20FFD4D000782D1B /* Meal.swift in Sources */,
				A0A8E3EB20FFD48C00782D1B /* AppDelegate.swift in Sources */,
			);
			runOnlyForDeploymentPostprocessing = 0;
		};
		A0A8E3F720FFD48D00782D1B /* Sources */ = {
			isa = PBXSourcesBuildPhase;
			buildActionMask = 2147483647;
			files = (
				A0A8E40020FFD48E00782D1B /* FitnessTrackerTests.swift in Sources */,
			);
			runOnlyForDeploymentPostprocessing = 0;
		};
/* End PBXSourcesBuildPhase section */

/* Begin PBXTargetDependency section */
		A0A8E3FD20FFD48D00782D1B /* PBXTargetDependency */ = {
			isa = PBXTargetDependency;
			target = A0A8E3E620FFD48C00782D1B /* FitnessTracker */;
			targetProxy = A0A8E3FC20FFD48D00782D1B /* PBXContainerItemProxy */;
		};
/* End PBXTargetDependency section */

/* Begin PBXVariantGroup section */
		A0A8E3F320FFD48D00782D1B /* LaunchScreen.storyboard */ = {
			isa = PBXVariantGroup;
			children = (
				A0A8E3F420FFD48D00782D1B /* Base */,
			);
			name = LaunchScreen.storyboard;
			sourceTree = "<group>";
		};
/* End PBXVariantGroup section */

/* Begin XCBuildConfiguration section */
		A0A8E40220FFD48E00782D1B /* Debug */ = {
			isa = XCBuildConfiguration;
			buildSettings = {
				ALWAYS_SEARCH_USER_PATHS = NO;
				CLANG_ANALYZER_NONNULL = YES;
				CLANG_ANALYZER_NUMBER_OBJECT_CONVERSION = YES_AGGRESSIVE;
				CLANG_CXX_LANGUAGE_STANDARD = "gnu++14";
				CLANG_CXX_LIBRARY = "libc++";
				CLANG_ENABLE_MODULES = YES;
				CLANG_ENABLE_OBJC_ARC = YES;
				CLANG_ENABLE_OBJC_WEAK = YES;
				CLANG_WARN_BLOCK_CAPTURE_AUTORELEASING = YES;
				CLANG_WARN_BOOL_CONVERSION = YES;
				CLANG_WARN_COMMA = YES;
				CLANG_WARN_CONSTANT_CONVERSION = YES;
				CLANG_WARN_DEPRECATED_OBJC_IMPLEMENTATIONS = YES;
				CLANG_WARN_DIRECT_OBJC_ISA_USAGE = YES_ERROR;
				CLANG_WARN_DOCUMENTATION_COMMENTS = YES;
				CLANG_WARN_EMPTY_BODY = YES;
				CLANG_WARN_ENUM_CONVERSION = YES;
				CLANG_WARN_INFINITE_RECURSION = YES;
				CLANG_WARN_INT_CONVERSION = YES;
				CLANG_WARN_NON_LITERAL_NULL_CONVERSION = YES;
				CLANG_WARN_OBJC_IMPLICIT_RETAIN_SELF = YES;
				CLANG_WARN_OBJC_LITERAL_CONVERSION = YES;
				CLANG_WARN_OBJC_ROOT_CLASS = YES_ERROR;
				CLANG_WARN_RANGE_LOOP_ANALYSIS = YES;
				CLANG_WARN_STRICT_PROTOTYPES = YES;
				CLANG_WARN_SUSPICIOUS_MOVE = YES;
				CLANG_WARN_UNGUARDED_AVAILABILITY = YES_AGGRESSIVE;
				CLANG_WARN_UNREACHABLE_CODE = YES;
				CLANG_WARN__DUPLICATE_METHOD_MATCH = YES;
				CODE_SIGN_IDENTITY = "iPhone Developer";
				COPY_PHASE_STRIP = NO;
				DEBUG_INFORMATION_FORMAT = dwarf;
				ENABLE_STRICT_OBJC_MSGSEND = YES;
				ENABLE_TESTABILITY = YES;
				GCC_C_LANGUAGE_STANDARD = gnu11;
				GCC_DYNAMIC_NO_PIC = NO;
				GCC_NO_COMMON_BLOCKS = YES;
				GCC_OPTIMIZATION_LEVEL = 0;
				GCC_PREPROCESSOR_DEFINITIONS = (
					"DEBUG=1",
					"$(inherited)",
				);
				GCC_WARN_64_TO_32_BIT_CONVERSION = YES;
				GCC_WARN_ABOUT_RETURN_TYPE = YES_ERROR;
				GCC_WARN_UNDECLARED_SELECTOR = YES;
				GCC_WARN_UNINITIALIZED_AUTOS = YES_AGGRESSIVE;
				GCC_WARN_UNUSED_FUNCTION = YES;
				GCC_WARN_UNUSED_VARIABLE = YES;
				IPHONEOS_DEPLOYMENT_TARGET = 11.4;
				MTL_ENABLE_DEBUG_INFO = YES;
				ONLY_ACTIVE_ARCH = YES;
				SDKROOT = iphoneos;
				SWIFT_ACTIVE_COMPILATION_CONDITIONS = DEBUG;
				SWIFT_OPTIMIZATION_LEVEL = "-Onone";
			};
			name = Debug;
		};
		A0A8E40320FFD48E00782D1B /* Release */ = {
			isa = XCBuildConfiguration;
			buildSettings = {
				ALWAYS_SEARCH_USER_PATHS = NO;
				CLANG_ANALYZER_NONNULL = YES;
				CLANG_ANALYZER_NUMBER_OBJECT_CONVERSION = YES_AGGRESSIVE;
				CLANG_CXX_LANGUAGE_STANDARD = "gnu++14";
				CLANG_CXX_LIBRARY = "libc++";
				CLANG_ENABLE_MODULES = YES;
				CLANG_ENABLE_OBJC_ARC = YES;
				CLANG_ENABLE_OBJC_WEAK = YES;
				CLANG_WARN_BLOCK_CAPTURE_AUTORELEASING = YES;
				CLANG_WARN_BOOL_CONVERSION = YES;
				CLANG_WARN_COMMA = YES;
				CLANG_WARN_CONSTANT_CONVERSION = YES;
				CLANG_WARN_DEPRECATED_OBJC_IMPLEMENTATIONS = YES;
				CLANG_WARN_DIRECT_OBJC_ISA_USAGE = YES_ERROR;
				CLANG_WARN_DOCUMENTATION_COMMENTS = YES;
				CLANG_WARN_EMPTY_BODY = YES;
				CLANG_WARN_ENUM_CONVERSION = YES;
				CLANG_WARN_INFINITE_RECURSION = YES;
				CLANG_WARN_INT_CONVERSION = YES;
				CLANG_WARN_NON_LITERAL_NULL_CONVERSION = YES;
				CLANG_WARN_OBJC_IMPLICIT_RETAIN_SELF = YES;
				CLANG_WARN_OBJC_LITERAL_CONVERSION = YES;
				CLANG_WARN_OBJC_ROOT_CLASS = YES_ERROR;
				CLANG_WARN_RANGE_LOOP_ANALYSIS = YES;
				CLANG_WARN_STRICT_PROTOTYPES = YES;
				CLANG_WARN_SUSPICIOUS_MOVE = YES;
				CLANG_WARN_UNGUARDED_AVAILABILITY = YES_AGGRESSIVE;
				CLANG_WARN_UNREACHABLE_CODE = YES;
				CLANG_WARN__DUPLICATE_METHOD_MATCH = YES;
				CODE_SIGN_IDENTITY = "iPhone Developer";
				COPY_PHASE_STRIP = NO;
				DEBUG_INFORMATION_FORMAT = "dwarf-with-dsym";
				ENABLE_NS_ASSERTIONS = NO;
				ENABLE_STRICT_OBJC_MSGSEND = YES;
				GCC_C_LANGUAGE_STANDARD = gnu11;
				GCC_NO_COMMON_BLOCKS = YES;
				GCC_WARN_64_TO_32_BIT_CONVERSION = YES;
				GCC_WARN_ABOUT_RETURN_TYPE = YES_ERROR;
				GCC_WARN_UNDECLARED_SELECTOR = YES;
				GCC_WARN_UNINITIALIZED_AUTOS = YES_AGGRESSIVE;
				GCC_WARN_UNUSED_FUNCTION = YES;
				GCC_WARN_UNUSED_VARIABLE = YES;
				IPHONEOS_DEPLOYMENT_TARGET = 11.4;
				MTL_ENABLE_DEBUG_INFO = NO;
				SDKROOT = iphoneos;
				SWIFT_COMPILATION_MODE = wholemodule;
				SWIFT_OPTIMIZATION_LEVEL = "-O";
				VALIDATE_PRODUCT = YES;
			};
			name = Release;
		};
		A0A8E40520FFD48E00782D1B /* Debug */ = {
			isa = XCBuildConfiguration;
			buildSettings = {
				ASSETCATALOG_COMPILER_APPICON_NAME = AppIcon;
				CODE_SIGN_STYLE = Automatic;
				DEVELOPMENT_TEAM = 39TR9YNAJ4;
				INFOPLIST_FILE = FitnessTracker/Info.plist;
				LD_RUNPATH_SEARCH_PATHS = (
					"$(inherited)",
					"@executable_path/Frameworks",
				);
				PRODUCT_BUNDLE_IDENTIFIER = com.smolster.FitnessTracker;
				PRODUCT_NAME = "$(TARGET_NAME)";
				SWIFT_VERSION = 4.0;
				TARGETED_DEVICE_FAMILY = "1,2";
			};
			name = Debug;
		};
		A0A8E40620FFD48E00782D1B /* Release */ = {
			isa = XCBuildConfiguration;
			buildSettings = {
				ASSETCATALOG_COMPILER_APPICON_NAME = AppIcon;
				CODE_SIGN_STYLE = Automatic;
				DEVELOPMENT_TEAM = 39TR9YNAJ4;
				INFOPLIST_FILE = FitnessTracker/Info.plist;
				LD_RUNPATH_SEARCH_PATHS = (
					"$(inherited)",
					"@executable_path/Frameworks",
				);
				PRODUCT_BUNDLE_IDENTIFIER = com.smolster.FitnessTracker;
				PRODUCT_NAME = "$(TARGET_NAME)";
				SWIFT_VERSION = 4.0;
				TARGETED_DEVICE_FAMILY = "1,2";
			};
			name = Release;
		};
		A0A8E40820FFD48E00782D1B /* Debug */ = {
			isa = XCBuildConfiguration;
			buildSettings = {
				ALWAYS_EMBED_SWIFT_STANDARD_LIBRARIES = YES;
				BUNDLE_LOADER = "$(TEST_HOST)";
				CODE_SIGN_STYLE = Automatic;
				DEVELOPMENT_TEAM = 39TR9YNAJ4;
				INFOPLIST_FILE = FitnessTrackerTests/Info.plist;
				LD_RUNPATH_SEARCH_PATHS = (
					"$(inherited)",
					"@executable_path/Frameworks",
					"@loader_path/Frameworks",
				);
				PRODUCT_BUNDLE_IDENTIFIER = com.smolster.FitnessTrackerTests;
				PRODUCT_NAME = "$(TARGET_NAME)";
				SWIFT_VERSION = 4.0;
				TARGETED_DEVICE_FAMILY = "1,2";
				TEST_HOST = "$(BUILT_PRODUCTS_DIR)/FitnessTracker.app/FitnessTracker";
			};
			name = Debug;
		};
		A0A8E40920FFD48E00782D1B /* Release */ = {
			isa = XCBuildConfiguration;
			buildSettings = {
				ALWAYS_EMBED_SWIFT_STANDARD_LIBRARIES = YES;
				BUNDLE_LOADER = "$(TEST_HOST)";
				CODE_SIGN_STYLE = Automatic;
				DEVELOPMENT_TEAM = 39TR9YNAJ4;
				INFOPLIST_FILE = FitnessTrackerTests/Info.plist;
				LD_RUNPATH_SEARCH_PATHS = (
					"$(inherited)",
					"@executable_path/Frameworks",
					"@loader_path/Frameworks",
				);
				PRODUCT_BUNDLE_IDENTIFIER = com.smolster.FitnessTrackerTests;
				PRODUCT_NAME = "$(TARGET_NAME)";
				SWIFT_VERSION = 4.0;
				TARGETED_DEVICE_FAMILY = "1,2";
				TEST_HOST = "$(BUILT_PRODUCTS_DIR)/FitnessTracker.app/FitnessTracker";
			};
			name = Release;
		};
/* End XCBuildConfiguration section */

/* Begin XCConfigurationList section */
		A0A8E3E220FFD48C00782D1B /* Build configuration list for PBXProject "FitnessTracker" */ = {
			isa = XCConfigurationList;
			buildConfigurations = (
				A0A8E40220FFD48E00782D1B /* Debug */,
				A0A8E40320FFD48E00782D1B /* Release */,
			);
			defaultConfigurationIsVisible = 0;
			defaultConfigurationName = Release;
		};
		A0A8E40420FFD48E00782D1B /* Build configuration list for PBXNativeTarget "FitnessTracker" */ = {
			isa = XCConfigurationList;
			buildConfigurations = (
				A0A8E40520FFD48E00782D1B /* Debug */,
				A0A8E40620FFD48E00782D1B /* Release */,
			);
			defaultConfigurationIsVisible = 0;
			defaultConfigurationName = Release;
		};
		A0A8E40720FFD48E00782D1B /* Build configuration list for PBXNativeTarget "FitnessTrackerTests" */ = {
			isa = XCConfigurationList;
			buildConfigurations = (
				A0A8E40820FFD48E00782D1B /* Debug */,
				A0A8E40920FFD48E00782D1B /* Release */,
			);
			defaultConfigurationIsVisible = 0;
			defaultConfigurationName = Release;
		};
/* End XCConfigurationList section */
	};
	rootObject = A0A8E3DF20FFD48C00782D1B /* Project object */;
}
